// !$*UTF8*$!
{
	archiveVersion = 1;
	classes = {
	};
	objectVersion = 46;
	objects = {

/* Begin PBXBuildFile section */
		81F708101B96D0440082E49B /* AppDelegate.swift in Sources */ = {isa = PBXBuildFile; fileRef = 81F7080F1B96D0440082E49B /* AppDelegate.swift */; };
		81F708121B96D0440082E49B /* ViewController.swift in Sources */ = {isa = PBXBuildFile; fileRef = 81F708111B96D0440082E49B /* ViewController.swift */; };
		81F708151B96D0440082E49B /* Main.storyboard in Resources */ = {isa = PBXBuildFile; fileRef = 81F708131B96D0440082E49B /* Main.storyboard */; };
		81F708171B96D0440082E49B /* Images.xcassets in Resources */ = {isa = PBXBuildFile; fileRef = 81F708161B96D0440082E49B /* Images.xcassets */; };
		81F7081A1B96D0440082E49B /* LaunchScreen.xib in Resources */ = {isa = PBXBuildFile; fileRef = 81F708181B96D0440082E49B /* LaunchScreen.xib */; };
		81F708261B96D0440082E49B /* PracMyRestaurantTests.swift in Sources */ = {isa = PBXBuildFile; fileRef = 81F708251B96D0440082E49B /* PracMyRestaurantTests.swift */; };
/* End PBXBuildFile section */

/* Begin PBXContainerItemProxy section */
		81F708201B96D0440082E49B /* PBXContainerItemProxy */ = {
			isa = PBXContainerItemProxy;
			containerPortal = 81F708021B96D0440082E49B /* Project object */;
			proxyType = 1;
			remoteGlobalIDString = 81F708091B96D0440082E49B;
			remoteInfo = PracMyRestaurant;
		};
/* End PBXContainerItemProxy section */

/* Begin PBXFileReference section */
		81F7080A1B96D0440082E49B /* PracMyRestaurant.app */ = {isa = PBXFileReference; explicitFileType = wrapper.application; includeInIndex = 0; path = PracMyRestaurant.app; sourceTree = BUILT_PRODUCTS_DIR; };
		81F7080E1B96D0440082E49B /* Info.plist */ = {isa = PBXFileReference; lastKnownFileType = text.plist.xml; path = Info.plist; sourceTree = "<group>"; };
		81F7080F1B96D0440082E49B /* AppDelegate.swift */ = {isa = PBXFileReference; lastKnownFileType = sourcecode.swift; path = AppDelegate.swift; sourceTree = "<group>"; };
		81F708111B96D0440082E49B /* ViewController.swift */ = {isa = PBXFileReference; lastKnownFileType = sourcecode.swift; path = ViewController.swift; sourceTree = "<group>"; };
		81F708141B96D0440082E49B /* Base */ = {isa = PBXFileReference; lastKnownFileType = file.storyboard; name = Base; path = Base.lproj/Main.storyboard; sourceTree = "<group>"; };
		81F708161B96D0440082E49B /* Images.xcassets */ = {isa = PBXFileReference; lastKnownFileType = folder.assetcatalog; path = Images.xcassets; sourceTree = "<group>"; };
		81F708191B96D0440082E49B /* Base */ = {isa = PBXFileReference; lastKnownFileType = file.xib; name = Base; path = Base.lproj/LaunchScreen.xib; sourceTree = "<group>"; };
		81F7081F1B96D0440082E49B /* PracMyRestaurantTests.xctest */ = {isa = PBXFileReference; explicitFileType = wrapper.cfbundle; includeInIndex = 0; path = PracMyRestaurantTests.xctest; sourceTree = BUILT_PRODUCTS_DIR; };
		81F708241B96D0440082E49B /* Info.plist */ = {isa = PBXFileReference; lastKnownFileType = text.plist.xml; path = Info.plist; sourceTree = "<group>"; };
		81F708251B96D0440082E49B /* PracMyRestaurantTests.swift */ = {isa = PBXFileReference; lastKnownFileType = sourcecode.swift; path = PracMyRestaurantTests.swift; sourceTree = "<group>"; };
/* End PBXFileReference section */

/* Begin PBXFrameworksBuildPhase section */
		81F708071B96D0440082E49B /* Frameworks */ = {
			isa = PBXFrameworksBuildPhase;
			buildActionMask = 2147483647;
			files = (
			);
			runOnlyForDeploymentPostprocessing = 0;
		};
		81F7081C1B96D0440082E49B /* Frameworks */ = {
			isa = PBXFrameworksBuildPhase;
			buildActionMask = 2147483647;
			files = (
			);
			runOnlyForDeploymentPostprocessing = 0;
		};
/* End PBXFrameworksBuildPhase section */

/* Begin PBXGroup section */
		81F708011B96D0440082E49B = {
			isa = PBXGroup;
			children = (
				81F7080C1B96D0440082E49B /* PracMyRestaurant */,
				81F708221B96D0440082E49B /* PracMyRestaurantTests */,
				81F7080B1B96D0440082E49B /* Products */,
			);
			sourceTree = "<group>";
		};
		81F7080B1B96D0440082E49B /* Products */ = {
			isa = PBXGroup;
			children = (
				81F7080A1B96D0440082E49B /* PracMyRestaurant.app */,
				81F7081F1B96D0440082E49B /* PracMyRestaurantTests.xctest */,
			);
			name = Products;
			sourceTree = "<group>";
		};
		81F7080C1B96D0440082E49B /* PracMyRestaurant */ = {
			isa = PBXGroup;
			children = (
				81F7080F1B96D0440082E49B /* AppDelegate.swift */,
				81F708111B96D0440082E49B /* ViewController.swift */,
				81F708131B96D0440082E49B /* Main.storyboard */,
				81F708161B96D0440082E49B /* Images.xcassets */,
				81F708181B96D0440082E49B /* LaunchScreen.xib */,
				81F7080D1B96D0440082E49B /* Supporting Files */,
			);
			path = PracMyRestaurant;
			sourceTree = "<group>";
		};
		81F7080D1B96D0440082E49B /* Supporting Files */ = {
			isa = PBXGroup;
			children = (
				81F7080E1B96D0440082E49B /* Info.plist */,
			);
			name = "Supporting Files";
			sourceTree = "<group>";
		};
		81F708221B96D0440082E49B /* PracMyRestaurantTests */ = {
			isa = PBXGroup;
			children = (
				81F708251B96D0440082E49B /* PracMyRestaurantTests.swift */,
				81F708231B96D0440082E49B /* Supporting Files */,
			);
			path = PracMyRestaurantTests;
			sourceTree = "<group>";
		};
		81F708231B96D0440082E49B /* Supporting Files */ = {
			isa = PBXGroup;
			children = (
				81F708241B96D0440082E49B /* Info.plist */,
			);
			name = "Supporting Files";
			sourceTree = "<group>";
		};
/* End PBXGroup section */

/* Begin PBXNativeTarget section */
		81F708091B96D0440082E49B /* PracMyRestaurant */ = {
			isa = PBXNativeTarget;
			buildConfigurationList = 81F708291B96D0440082E49B /* Build configuration list for PBXNativeTarget "PracMyRestaurant" */;
			buildPhases = (
				81F708061B96D0440082E49B /* Sources */,
				81F708071B96D0440082E49B /* Frameworks */,
				81F708081B96D0440082E49B /* Resources */,
			);
			buildRules = (
			);
			dependencies = (
			);
			name = PracMyRestaurant;
			productName = PracMyRestaurant;
			productReference = 81F7080A1B96D0440082E49B /* PracMyRestaurant.app */;
			productType = "com.apple.product-type.application";
		};
		81F7081E1B96D0440082E49B /* PracMyRestaurantTests */ = {
			isa = PBXNativeTarget;
			buildConfigurationList = 81F7082C1B96D0440082E49B /* Build configuration list for PBXNativeTarget "PracMyRestaurantTests" */;
			buildPhases = (
				81F7081B1B96D0440082E49B /* Sources */,
				81F7081C1B96D0440082E49B /* Frameworks */,
				81F7081D1B96D0440082E49B /* Resources */,
			);
			buildRules = (
			);
			dependencies = (
				81F708211B96D0440082E49B /* PBXTargetDependency */,
			);
			name = PracMyRestaurantTests;
			productName = PracMyRestaurantTests;
			productReference = 81F7081F1B96D0440082E49B /* PracMyRestaurantTests.xctest */;
			productType = "com.apple.product-type.bundle.unit-test";
		};
/* End PBXNativeTarget section */

/* Begin PBXProject section */
		81F708021B96D0440082E49B /* Project object */ = {
			isa = PBXProject;
			attributes = {
				LastUpgradeCheck = 0640;
				ORGANIZATIONNAME = landtanin;
				TargetAttributes = {
					81F708091B96D0440082E49B = {
						CreatedOnToolsVersion = 6.4;
					};
					81F7081E1B96D0440082E49B = {
						CreatedOnToolsVersion = 6.4;
						TestTargetID = 81F708091B96D0440082E49B;
					};
				};
			};
			buildConfigurationList = 81F708051B96D0440082E49B /* Build configuration list for PBXProject "PracMyRestaurant" */;
			compatibilityVersion = "Xcode 3.2";
			developmentRegion = English;
			hasScannedForEncodings = 0;
			knownRegions = (
				en,
				Base,
			);
			mainGroup = 81F708011B96D0440082E49B;
			productRefGroup = 81F7080B1B96D0440082E49B /* Products */;
			projectDirPath = "";
			projectRoot = "";
			targets = (
				81F708091B96D0440082E49B /* PracMyRestaurant */,
				81F7081E1B96D0440082E49B /* PracMyRestaurantTests */,
			);
		};
/* End PBXProject section */

/* Begin PBXResourcesBuildPhase section */
		81F708081B96D0440082E49B /* Resources */ = {
			isa = PBXResourcesBuildPhase;
			buildActionMask = 2147483647;
			files = (
				81F708151B96D0440082E49B /* Main.storyboard in Resources */,
				81F7081A1B96D0440082E49B /* LaunchScreen.xib in Resources */,
				81F708171B96D0440082E49B /* Images.xcassets in Resources */,
			);
			runOnlyForDeploymentPostprocessing = 0;
		};
		81F7081D1B96D0440082E49B /* Resources */ = {
			isa = PBXResourcesBuildPhase;
			buildActionMask = 2147483647;
			files = (
			);
			runOnlyForDeploymentPostprocessing = 0;
		};
/* End PBXResourcesBuildPhase section */

/* Begin PBXSourcesBuildPhase section */
		81F708061B96D0440082E49B /* Sources */ = {
			isa = PBXSourcesBuildPhase;
			buildActionMask = 2147483647;
			files = (
				81F708121B96D0440082E49B /* ViewController.swift in Sources */,
				81F708101B96D0440082E49B /* AppDelegate.swift in Sources */,
			);
			runOnlyForDeploymentPostprocessing = 0;
		};
		81F7081B1B96D0440082E49B /* Sources */ = {
			isa = PBXSourcesBuildPhase;
			buildActionMask = 2147483647;
			files = (
				81F708261B96D0440082E49B /* PracMyRestaurantTests.swift in Sources */,
			);
			runOnlyForDeploymentPostprocessing = 0;
		};
/* End PBXSourcesBuildPhase section */

/* Begin PBXTargetDependency section */
		81F708211B96D0440082E49B /* PBXTargetDependency */ = {
			isa = PBXTargetDependency;
			target = 81F708091B96D0440082E49B /* PracMyRestaurant */;
			targetProxy = 81F708201B96D0440082E49B /* PBXContainerItemProxy */;
		};
/* End PBXTargetDependency section */

/* Begin PBXVariantGroup section */
		81F708131B96D0440082E49B /* Main.storyboard */ = {
			isa = PBXVariantGroup;
			children = (
				81F708141B96D0440082E49B /* Base */,
			);
			name = Main.storyboard;
			sourceTree = "<group>";
		};
		81F708181B96D0440082E49B /* LaunchScreen.xib */ = {
			isa = PBXVariantGroup;
			children = (
				81F708191B96D0440082E49B /* Base */,
			);
			name = LaunchScreen.xib;
			sourceTree = "<group>";
		};
/* End PBXVariantGroup section */

/* Begin XCBuildConfiguration section */
		81F708271B96D0440082E49B /* Debug */ = {
			isa = XCBuildConfiguration;
			buildSettings = {
				ALWAYS_SEARCH_USER_PATHS = NO;
				CLANG_CXX_LANGUAGE_STANDARD = "gnu++0x";
				CLANG_CXX_LIBRARY = "libc++";
				CLANG_ENABLE_MODULES = YES;
				CLANG_ENABLE_OBJC_ARC = YES;
				CLANG_WARN_BOOL_CONVERSION = YES;
				CLANG_WARN_CONSTANT_CONVERSION = YES;
				CLANG_WARN_DIRECT_OBJC_ISA_USAGE = YES_ERROR;
				CLANG_WARN_EMPTY_BODY = YES;
				CLANG_WARN_ENUM_CONVERSION = YES;
				CLANG_WARN_INT_CONVERSION = YES;
				CLANG_WARN_OBJC_ROOT_CLASS = YES_ERROR;
				CLANG_WARN_UNREACHABLE_CODE = YES;
				CLANG_WARN__DUPLICATE_METHOD_MATCH = YES;
				"CODE_SIGN_IDENTITY[sdk=iphoneos*]" = "iPhone Developer";
				COPY_PHASE_STRIP = NO;
				DEBUG_INFORMATION_FORMAT = "dwarf-with-dsym";
				ENABLE_STRICT_OBJC_MSGSEND = YES;
				GCC_C_LANGUAGE_STANDARD = gnu99;
				GCC_DYNAMIC_NO_PIC = NO;
				GCC_NO_COMMON_BLOCKS = YES;
				GCC_OPTIMIZATION_LEVEL = 0;
				GCC_PREPROCESSOR_DEFINITIONS = (
					"DEBUG=1",
					"$(inherited)",
				);
				GCC_SYMBOLS_PRIVATE_EXTERN = NO;
				GCC_WARN_64_TO_32_BIT_CONVERSION = YES;
				GCC_WARN_ABOUT_RETURN_TYPE = YES_ERROR;
				GCC_WARN_UNDECLARED_SELECTOR = YES;
				GCC_WARN_UNINITIALIZED_AUTOS = YES_AGGRESSIVE;
				GCC_WARN_UNUSED_FUNCTION = YES;
				GCC_WARN_UNUSED_VARIABLE = YES;
				IPHONEOS_DEPLOYMENT_TARGET = 8.4;
				MTL_ENABLE_DEBUG_INFO = YES;
				ONLY_ACTIVE_ARCH = YES;
				SDKROOT = iphoneos;
				SWIFT_OPTIMIZATION_LEVEL = "-Onone";
				TARGETED_DEVICE_FAMILY = "1,2";
			};
			name = Debug;
		};
		81F708281B96D0440082E49B /* Release */ = {
			isa = XCBuildConfiguration;
			buildSettings = {
				ALWAYS_SEARCH_USER_PATHS = NO;
				CLANG_CXX_LANGUAGE_STANDARD = "gnu++0x";
				CLANG_CXX_LIBRARY = "libc++";
				CLANG_ENABLE_MODULES = YES;
				CLANG_ENABLE_OBJC_ARC = YES;
				CLANG_WARN_BOOL_CONVERSION = YES;
				CLANG_WARN_CONSTANT_CONVERSION = YES;
				CLANG_WARN_DIRECT_OBJC_ISA_USAGE = YES_ERROR;
				CLANG_WARN_EMPTY_BODY = YES;
				CLANG_WARN_ENUM_CONVERSION = YES;
				CLANG_WARN_INT_CONVERSION = YES;
				CLANG_WARN_OBJC_ROOT_CLASS = YES_ERROR;
				CLANG_WARN_UNREACHABLE_CODE = YES;
				CLANG_WARN__DUPLICATE_METHOD_MATCH = YES;
				"CODE_SIGN_IDENTITY[sdk=iphoneos*]" = "iPhone Developer";
				COPY_PHASE_STRIP = NO;
				DEBUG_INFORMATION_FORMAT = "dwarf-with-dsym";
				ENABLE_NS_ASSERTIONS = NO;
				ENABLE_STRICT_OBJC_MSGSEND = YES;
				GCC_C_LANGUAGE_STANDARD = gnu99;
				GCC_NO_COMMON_BLOCKS = YES;
				GCC_WARN_64_TO_32_BIT_CONVERSION = YES;
				GCC_WARN_ABOUT_RETURN_TYPE = YES_ERROR;
				GCC_WARN_UNDECLARED_SELECTOR = YES;
				GCC_WARN_UNINITIALIZED_AUTOS = YES_AGGRESSIVE;
				GCC_WARN_UNUSED_FUNCTION = YES;
				GCC_WARN_UNUSED_VARIABLE = YES;
				IPHONEOS_DEPLOYMENT_TARGET = 8.4;
				MTL_ENABLE_DEBUG_INFO = NO;
				SDKROOT = iphoneos;
				TARGETED_DEVICE_FAMILY = "1,2";
				VALIDATE_PRODUCT = YES;
			};
			name = Release;
		};
		81F7082A1B96D0440082E49B /* Debug */ = {
			isa = XCBuildConfiguration;
			buildSettings = {
				ASSETCATALOG_COMPILER_APPICON_NAME = AppIcon;
				INFOPLIST_FILE = PracMyRestaurant/Info.plist;
				LD_RUNPATH_SEARCH_PATHS = "$(inherited) @executable_path/Frameworks";
				PRODUCT_NAME = "$(TARGET_NAME)";
			};
			name = Debug;
		};
		81F7082B1B96D0440082E49B /* Release */ = {
			isa = XCBuildConfiguration;
			buildSettings = {
				ASSETCATALOG_COMPILER_APPICON_NAME = AppIcon;
				INFOPLIST_FILE = PracMyRestaurant/Info.plist;
				LD_RUNPATH_SEARCH_PATHS = "$(inherited) @executable_path/Frameworks";
				PRODUCT_NAME = "$(TARGET_NAME)";
			};
			name = Release;
		};
		81F7082D1B96D0440082E49B /* Debug */ = {
			isa = XCBuildConfiguration;
			buildSettings = {
				BUNDLE_LOADER = "$(TEST_HOST)";
				FRAMEWORK_SEARCH_PATHS = (
					"$(SDKROOT)/Developer/Library/Frameworks",
					"$(inherited)",
				);
				GCC_PREPROCESSOR_DEFINITIONS = (
					"DEBUG=1",
					"$(inherited)",
				);
				INFOPLIST_FILE = PracMyRestaurantTests/Info.plist;
				LD_RUNPATH_SEARCH_PATHS = "$(inherited) @executable_path/Frameworks @loader_path/Frameworks";
				PRODUCT_NAME = "$(TARGET_NAME)";
				TEST_HOST = "$(BUILT_PRODUCTS_DIR)/PracMyRestaurant.app/PracMyRestaurant";
			};
			name = Debug;
		};
		81F7082E1B96D0440082E49B /* Release */ = {
			isa = XCBuildConfiguration;
			buildSettings = {
				BUNDLE_LOADER = "$(TEST_HOST)";
				FRAMEWORK_SEARCH_PATHS = (
					"$(SDKROOT)/Developer/Library/Frameworks",
					"$(inherited)",
				);
				INFOPLIST_FILE = PracMyRestaurantTests/Info.plist;
				LD_RUNPATH_SEARCH_PATHS = "$(inherited) @executable_path/Frameworks @loader_path/Frameworks";
				PRODUCT_NAME = "$(TARGET_NAME)";
				TEST_HOST = "$(BUILT_PRODUCTS_DIR)/PracMyRestaurant.app/PracMyRestaurant";
			};
			name = Release;
		};
/* End XCBuildConfiguration section */

/* Begin XCConfigurationList section */
		81F708051B96D0440082E49B /* Build configuration list for PBXProject "PracMyRestaurant" */ = {
			isa = XCConfigurationList;
			buildConfigurations = (
				81F708271B96D0440082E49B /* Debug */,
				81F708281B96D0440082E49B /* Release */,
			);
			defaultConfigurationIsVisible = 0;
			defaultConfigurationName = Release;
		};
		81F708291B96D0440082E49B /* Build configuration list for PBXNativeTarget "PracMyRestaurant" */ = {
			isa = XCConfigurationList;
			buildConfigurations = (
				81F7082A1B96D0440082E49B /* Debug */,
				81F7082B1B96D0440082E49B /* Release */,
			);
			defaultConfigurationIsVisible = 0;
		};
		81F7082C1B96D0440082E49B /* Build configuration list for PBXNativeTarget "PracMyRestaurantTests" */ = {
			isa = XCConfigurationList;
			buildConfigurations = (
				81F7082D1B96D0440082E49B /* Debug */,
				81F7082E1B96D0440082E49B /* Release */,
			);
			defaultConfigurationIsVisible = 0;
		};
/* End XCConfigurationList section */
	};
	rootObject = 81F708021B96D0440082E49B /* Project object */;
}
